
Microsoft Visual Studio Solution File, Format Version 12.00
# Visual Studio Version 17
VisualStudioVersion = 17.1.32210.238
MinimumVisualStudioVersion = 10.0.40219.1
Project("{FAE04EC0-301F-11D3-BF4B-00C04F79EFBC}") = "eTickets", "eTickets\eTickets.csproj", "{B8F5720F-2F37-4D66-9ADA-9705621EE52B}"
EndProject
Global
	GlobalSection(SolutionConfigurationPlatforms) = preSolution
		Debug|Any CPU = Debug|Any CPU
		Release|Any CPU = Release|Any CPU
	EndGlobalSection
	GlobalSection(ProjectConfigurationPlatforms) = postSolution
		{B8F5720F-2F37-4D66-9ADA-9705621EE52B}.Debug|Any CPU.ActiveCfg = Debug|Any CPU
		{B8F5720F-2F37-4D66-9ADA-9705621EE52B}.Debug|Any CPU.Build.0 = Debug|Any CPU
		{B8F5720F-2F37-4D66-9ADA-9705621EE52B}.Release|Any CPU.ActiveCfg = Release|Any CPU
		{B8F5720F-2F37-4D66-9ADA-9705621EE52B}.Release|Any CPU.Build.0 = Release|Any CPU
	EndGlobalSection
	GlobalSection(SolutionProperties) = preSolution
		HideSolutionNode = FALSE
	EndGlobalSection
	GlobalSection(ExtensibilityGlobals) = postSolution
		SolutionGuid = {F787EC74-92F3-4297-B0B2-AACE27B7D63F}
	EndGlobalSection
EndGlobal
